
Microsoft Visual Studio Solution File, Format Version 12.00
# Visual Studio Version 17
VisualStudioVersion = 17.11.35431.28
MinimumVisualStudioVersion = 10.0.40219.1
Project("{FAE04EC0-301F-11D3-BF4B-00C04F79EFBC}") = "PointsOfAuthority", "PointsOfAuthority\PointsOfAuthority.csproj", "{272CAAC3-F2A0-447B-A99C-D05F0EBC6CD9}"
EndProject
Global
	GlobalSection(SolutionConfigurationPlatforms) = preSolution
		Debug|Any CPU = Debug|Any CPU
		Release|Any CPU = Release|Any CPU
	EndGlobalSection
	GlobalSection(ProjectConfigurationPlatforms) = postSolution
		{272CAAC3-F2A0-447B-A99C-D05F0EBC6CD9}.Debug|Any CPU.ActiveCfg = Debug|Any CPU
		{272CAAC3-F2A0-447B-A99C-D05F0EBC6CD9}.Debug|Any CPU.Build.0 = Debug|Any CPU
		{272CAAC3-F2A0-447B-A99C-D05F0EBC6CD9}.Release|Any CPU.ActiveCfg = Release|Any CPU
		{272CAAC3-F2A0-447B-A99C-D05F0EBC6CD9}.Release|Any CPU.Build.0 = Release|Any CPU
	EndGlobalSection
	GlobalSection(SolutionProperties) = preSolution
		HideSolutionNode = FALSE
	EndGlobalSection
	GlobalSection(ExtensibilityGlobals) = postSolution
		SolutionGuid = {0F8A4B27-F3E8-4D88-8B10-0F1CB7E4D5FD}
	EndGlobalSection
EndGlobal
